Microsoft Visual Studio Solution File, Format Version 11.00
# Visual Studio 2008

Project("{96BB270F-8C40-4D8B-0128-95492FE625C7}") = "OpenRelativity", "Assembly-CSharp.csproj", "{9A2F9229-6C93-C142-9696-77C2EB16B910}"
EndProject
Global
	GlobalSection(SolutionConfigurationPlatforms) = preSolution
		Debug|Any CPU = Debug|Any CPU
		Release|Any CPU = Release|Any CPU
	EndGlobalSection
	GlobalSection(ProjectConfigurationPlatforms) = postSolution
		{9A2F9229-6C93-C142-9696-77C2EB16B910}.Debug|Any CPU.ActiveCfg = Debug|Any CPU
		{9A2F9229-6C93-C142-9696-77C2EB16B910}.Debug|Any CPU.Build.0 = Debug|Any CPU
		{9A2F9229-6C93-C142-9696-77C2EB16B910}.Release|Any CPU.ActiveCfg = Release|Any CPU
		{9A2F9229-6C93-C142-9696-77C2EB16B910}.Release|Any CPU.Build.0 = Release|Any CPU
	EndGlobalSection
	GlobalSection(SolutionProperties) = preSolution
		HideSolutionNode = FALSE
	EndGlobalSection
	GlobalSection(MonoDevelopProperties) = preSolution
		StartupItem = Assembly-CSharp.csproj
		Policies = $0
		$0.TextStylePolicy = $1
		$1.inheritsSet = null
		$1.scope = text/x-csharp
		$0.CSharpFormattingPolicy = $2
		$2.inheritsSet = Mono
		$2.inheritsScope = text/x-csharp
		$2.scope = text/x-csharp
		$0.TextStylePolicy = $3
		$3.FileWidth = 120
		$3.TabWidth = 4
		$3.EolMarker = Unix
		$3.inheritsSet = Mono
		$3.inheritsScope = text/plain
		$3.scope = text/plain
	EndGlobalSection
EndGlobal
